
Microsoft Visual Studio Solution File, Format Version 12.00
# Visual Studio 15
VisualStudioVersion = 15.0.28307.1340
MinimumVisualStudioVersion = 10.0.40219.1
Project("{FAE04EC0-301F-11D3-BF4B-00C04F79EFBC}") = "S4LeagueAutoF5", "S4LeagueAutoF5\S4LeagueAutoF5.csproj", "{4EA6D397-EA38-4619-ABF9-64EEA11EEC4C}"
EndProject
Global
	GlobalSection(SolutionConfigurationPlatforms) = preSolution
		Debug|Any CPU = Debug|Any CPU
		Release|Any CPU = Release|Any CPU
	EndGlobalSection
	GlobalSection(ProjectConfigurationPlatforms) = postSolution
		{4EA6D397-EA38-4619-ABF9-64EEA11EEC4C}.Debug|Any CPU.ActiveCfg = Debug|Any CPU
		{4EA6D397-EA38-4619-ABF9-64EEA11EEC4C}.Debug|Any CPU.Build.0 = Debug|Any CPU
		{4EA6D397-EA38-4619-ABF9-64EEA11EEC4C}.Release|Any CPU.ActiveCfg = Release|Any CPU
		{4EA6D397-EA38-4619-ABF9-64EEA11EEC4C}.Release|Any CPU.Build.0 = Release|Any CPU
	EndGlobalSection
	GlobalSection(SolutionProperties) = preSolution
		HideSolutionNode = FALSE
	EndGlobalSection
	GlobalSection(ExtensibilityGlobals) = postSolution
		SolutionGuid = {2A8949D2-4893-429E-A2A2-3E74ED89B6A8}
	EndGlobalSection
EndGlobal
